// !$*UTF8*$!
{
	archiveVersion = 1;
	classes = {
	};
	objectVersion = 46;
	objects = {

/* Begin PBXBuildFile section */
		0D343F881E557C3900739962 /* SampleVideo_360x240_2mb.mp4 in Resources */ = {isa = PBXBuildFile; fileRef = 0D343F871E557C3900739962 /* SampleVideo_360x240_2mb.mp4 */; };
		0D45FECA1E554A5000BF7C9C /* TableInterfaceController.swift in Sources */ = {isa = PBXBuildFile; fileRef = 0D45FEC91E554A5000BF7C9C /* TableInterfaceController.swift */; };
		0D45FECC1E554BF100BF7C9C /* MainRowType.swift in Sources */ = {isa = PBXBuildFile; fileRef = 0D45FECB1E554BF100BF7C9C /* MainRowType.swift */; };
		0D45FECE1E5551B300BF7C9C /* InfoRowType.swift in Sources */ = {isa = PBXBuildFile; fileRef = 0D45FECD1E5551B300BF7C9C /* InfoRowType.swift */; };
		0D45FED11E556D3E00BF7C9C /* ImageRowType.swift in Sources */ = {isa = PBXBuildFile; fileRef = 0D45FED01E556D3E00BF7C9C /* ImageRowType.swift */; };
		0D45FED31E55736500BF7C9C /* placeholder.png in Resources */ = {isa = PBXBuildFile; fileRef = 0D45FED21E55736500BF7C9C /* placeholder.png */; };
		0D6F87FF1E55372D007C0413 /* ModalInterfaceController.swift in Sources */ = {isa = PBXBuildFile; fileRef = 0D6F87FE1E55372D007C0413 /* ModalInterfaceController.swift */; };
		0D806A081E541CF5007219F2 /* Interface.storyboard in Resources */ = {isa = PBXBuildFile; fileRef = 0D806A061E541CF5007219F2 /* Interface.storyboard */; };
		0D806A0A1E541CF5007219F2 /* Assets.xcassets in Resources */ = {isa = PBXBuildFile; fileRef = 0D806A091E541CF5007219F2 /* Assets.xcassets */; };
		0D806A111E541CF5007219F2 /* TopicDemosWatchApp Extension.appex in Embed App Extensions */ = {isa = PBXBuildFile; fileRef = 0D806A101E541CF5007219F2 /* TopicDemosWatchApp Extension.appex */; settings = {ATTRIBUTES = (RemoveHeadersOnCopy, ); }; };
		0D806A181E541CF5007219F2 /* InterfaceController.swift in Sources */ = {isa = PBXBuildFile; fileRef = 0D806A171E541CF5007219F2 /* InterfaceController.swift */; };
		0D806A1A1E541CF5007219F2 /* ExtensionDelegate.swift in Sources */ = {isa = PBXBuildFile; fileRef = 0D806A191E541CF5007219F2 /* ExtensionDelegate.swift */; };
		0D806A1C1E541CF5007219F2 /* NotificationController.swift in Sources */ = {isa = PBXBuildFile; fileRef = 0D806A1B1E541CF5007219F2 /* NotificationController.swift */; };
		0D806A1E1E541CF5007219F2 /* ComplicationController.swift in Sources */ = {isa = PBXBuildFile; fileRef = 0D806A1D1E541CF5007219F2 /* ComplicationController.swift */; };
		0D806A201E541CF5007219F2 /* Assets.xcassets in Resources */ = {isa = PBXBuildFile; fileRef = 0D806A1F1E541CF5007219F2 /* Assets.xcassets */; };
		0D806A241E541CF5007219F2 /* TopicDemosWatchApp.app in Embed Watch Content */ = {isa = PBXBuildFile; fileRef = 0D806A041E541CF5007219F2 /* TopicDemosWatchApp.app */; };
		0D806A311E551F08007219F2 /* FirstPageInterfaceController.swift in Sources */ = {isa = PBXBuildFile; fileRef = 0D806A301E551F08007219F2 /* FirstPageInterfaceController.swift */; };
		0D9EC6601E57A037006542C5 /* Settings-Watch.bundle in Resources */ = {isa = PBXBuildFile; fileRef = 0D9EC65F1E57A037006542C5 /* Settings-Watch.bundle */; };
		0DA3054B1E4B98980040CA45 /* AppDelegate.swift in Sources */ = {isa = PBXBuildFile; fileRef = 0DA3054A1E4B98980040CA45 /* AppDelegate.swift */; };
		0DA305501E4B98980040CA45 /* Main.storyboard in Resources */ = {isa = PBXBuildFile; fileRef = 0DA3054E1E4B98980040CA45 /* Main.storyboard */; };
		0DA305521E4B98980040CA45 /* Assets.xcassets in Resources */ = {isa = PBXBuildFile; fileRef = 0DA305511E4B98980040CA45 /* Assets.xcassets */; };
		0DA305551E4B98980040CA45 /* LaunchScreen.storyboard in Resources */ = {isa = PBXBuildFile; fileRef = 0DA305531E4B98980040CA45 /* LaunchScreen.storyboard */; };
		0DA305601E4B98980040CA45 /* TopicDemosTests.swift in Sources */ = {isa = PBXBuildFile; fileRef = 0DA3055F1E4B98980040CA45 /* TopicDemosTests.swift */; };
		0DA3056B1E4B98980040CA45 /* TopicDemosUITests.swift in Sources */ = {isa = PBXBuildFile; fileRef = 0DA3056A1E4B98980040CA45 /* TopicDemosUITests.swift */; };
		0DA305791E4B99660040CA45 /* Media.storyboard in Resources */ = {isa = PBXBuildFile; fileRef = 0DA305781E4B99660040CA45 /* Media.storyboard */; };
		0DA3057C1E4B99FE0040CA45 /* PlayVideoViewController.swift in Sources */ = {isa = PBXBuildFile; fileRef = 0DA3057B1E4B99FE0040CA45 /* PlayVideoViewController.swift */; };
		0DA3057F1E4B9B250040CA45 /* MobileCoreServices.framework in Frameworks */ = {isa = PBXBuildFile; fileRef = 0DA3057E1E4B9B250040CA45 /* MobileCoreServices.framework */; };
		0DA305811E4B9B2B0040CA45 /* MediaPlayer.framework in Frameworks */ = {isa = PBXBuildFile; fileRef = 0DA305801E4B9B2B0040CA45 /* MediaPlayer.framework */; };
		0DA305831E4B9B510040CA45 /* CoreMedia.framework in Frameworks */ = {isa = PBXBuildFile; fileRef = 0DA305821E4B9B510040CA45 /* CoreMedia.framework */; };
		0DA305BE1E4EBF520040CA45 /* BlueboothViewController.swift in Sources */ = {isa = PBXBuildFile; fileRef = 0DA305BD1E4EBF520040CA45 /* BlueboothViewController.swift */; };
		0DA305C01E4EBF5C0040CA45 /* Bluebooth.storyboard in Resources */ = {isa = PBXBuildFile; fileRef = 0DA305BF1E4EBF5C0040CA45 /* Bluebooth.storyboard */; };
		0DA305C21E4EC0010040CA45 /* QuartzCore.framework in Frameworks */ = {isa = PBXBuildFile; fileRef = 0DA305C11E4EC0010040CA45 /* QuartzCore.framework */; };
		0DA305C41E4EC0060040CA45 /* CoreBluetooth.framework in Frameworks */ = {isa = PBXBuildFile; fileRef = 0DA305C31E4EC0060040CA45 /* CoreBluetooth.framework */; };
		0DA305C71E4FF48D0040CA45 /* TextView.storyboard in Resources */ = {isa = PBXBuildFile; fileRef = 0DA305C61E4FF48D0040CA45 /* TextView.storyboard */; };
		0DA305C91E4FF4A20040CA45 /* TextViewController.swift in Sources */ = {isa = PBXBuildFile; fileRef = 0DA305C81E4FF4A20040CA45 /* TextViewController.swift */; };
/* End PBXBuildFile section */

/* Begin PBXContainerItemProxy section */
		0D806A121E541CF5007219F2 /* PBXContainerItemProxy */ = {
			isa = PBXContainerItemProxy;
			containerPortal = 0DA3053F1E4B98980040CA45 /* Project object */;
			proxyType = 1;
			remoteGlobalIDString = 0D806A0F1E541CF5007219F2;
			remoteInfo = "TopicDemosWatchApp Extension";
		};
		0D806A221E541CF5007219F2 /* PBXContainerItemProxy */ = {
			isa = PBXContainerItemProxy;
			containerPortal = 0DA3053F1E4B98980040CA45 /* Project object */;
			proxyType = 1;
			remoteGlobalIDString = 0D806A031E541CF5007219F2;
			remoteInfo = TopicDemosWatchApp;
		};
		0DA3055C1E4B98980040CA45 /* PBXContainerItemProxy */ = {
			isa = PBXContainerItemProxy;
			containerPortal = 0DA3053F1E4B98980040CA45 /* Project object */;
			proxyType = 1;
			remoteGlobalIDString = 0DA305461E4B98980040CA45;
			remoteInfo = TopicDemos;
		};
		0DA305671E4B98980040CA45 /* PBXContainerItemProxy */ = {
			isa = PBXContainerItemProxy;
			containerPortal = 0DA3053F1E4B98980040CA45 /* Project object */;
			proxyType = 1;
			remoteGlobalIDString = 0DA305461E4B98980040CA45;
			remoteInfo = TopicDemos;
		};
/* End PBXContainerItemProxy section */

/* Begin PBXCopyFilesBuildPhase section */
		0D806A2A1E541CF5007219F2 /* Embed App Extensions */ = {
			isa = PBXCopyFilesBuildPhase;
			buildActionMask = 2147483647;
			dstPath = "";
			dstSubfolderSpec = 13;
			files = (
				0D806A111E541CF5007219F2 /* TopicDemosWatchApp Extension.appex in Embed App Extensions */,
			);
			name = "Embed App Extensions";
			runOnlyForDeploymentPostprocessing = 0;
		};
		0D806A2C1E541CF5007219F2 /* Embed Watch Content */ = {
			isa = PBXCopyFilesBuildPhase;
			buildActionMask = 2147483647;
			dstPath = "$(CONTENTS_FOLDER_PATH)/Watch";
			dstSubfolderSpec = 16;
			files = (
				0D806A241E541CF5007219F2 /* TopicDemosWatchApp.app in Embed Watch Content */,
			);
			name = "Embed Watch Content";
			runOnlyForDeploymentPostprocessing = 0;
		};
/* End PBXCopyFilesBuildPhase section */

/* Begin PBXFileReference section */
		0D343F871E557C3900739962 /* SampleVideo_360x240_2mb.mp4 */ = {isa = PBXFileReference; lastKnownFileType = file; path = SampleVideo_360x240_2mb.mp4; sourceTree = "<group>"; };
		0D45FEC91E554A5000BF7C9C /* TableInterfaceController.swift */ = {isa = PBXFileReference; fileEncoding = 4; lastKnownFileType = sourcecode.swift; path = TableInterfaceController.swift; sourceTree = "<group>"; };
		0D45FECB1E554BF100BF7C9C /* MainRowType.swift */ = {isa = PBXFileReference; fileEncoding = 4; lastKnownFileType = sourcecode.swift; path = MainRowType.swift; sourceTree = "<group>"; };
		0D45FECD1E5551B300BF7C9C /* InfoRowType.swift */ = {isa = PBXFileReference; fileEncoding = 4; lastKnownFileType = sourcecode.swift; path = InfoRowType.swift; sourceTree = "<group>"; };
		0D45FED01E556D3E00BF7C9C /* ImageRowType.swift */ = {isa = PBXFileReference; fileEncoding = 4; lastKnownFileType = sourcecode.swift; path = ImageRowType.swift; sourceTree = "<group>"; };
		0D45FED21E55736500BF7C9C /* placeholder.png */ = {isa = PBXFileReference; lastKnownFileType = image.png; path = placeholder.png; sourceTree = "<group>"; };
		0D6F87FE1E55372D007C0413 /* ModalInterfaceController.swift */ = {isa = PBXFileReference; fileEncoding = 4; lastKnownFileType = sourcecode.swift; path = ModalInterfaceController.swift; sourceTree = "<group>"; };
		0D806A041E541CF5007219F2 /* TopicDemosWatchApp.app */ = {isa = PBXFileReference; explicitFileType = wrapper.application; includeInIndex = 0; path = TopicDemosWatchApp.app; sourceTree = BUILT_PRODUCTS_DIR; };
		0D806A071E541CF5007219F2 /* Base */ = {isa = PBXFileReference; lastKnownFileType = file.storyboard; name = Base; path = Base.lproj/Interface.storyboard; sourceTree = "<group>"; };
		0D806A091E541CF5007219F2 /* Assets.xcassets */ = {isa = PBXFileReference; lastKnownFileType = folder.assetcatalog; path = Assets.xcassets; sourceTree = "<group>"; };
		0D806A0B1E541CF5007219F2 /* Info.plist */ = {isa = PBXFileReference; lastKnownFileType = text.plist.xml; path = Info.plist; sourceTree = "<group>"; };
		0D806A101E541CF5007219F2 /* TopicDemosWatchApp Extension.appex */ = {isa = PBXFileReference; explicitFileType = "wrapper.app-extension"; includeInIndex = 0; path = "TopicDemosWatchApp Extension.appex"; sourceTree = BUILT_PRODUCTS_DIR; };
		0D806A161E541CF5007219F2 /* PushNotificationPayload.apns */ = {isa = PBXFileReference; lastKnownFileType = text; path = PushNotificationPayload.apns; sourceTree = "<group>"; };
		0D806A171E541CF5007219F2 /* InterfaceController.swift */ = {isa = PBXFileReference; lastKnownFileType = sourcecode.swift; path = InterfaceController.swift; sourceTree = "<group>"; };
		0D806A191E541CF5007219F2 /* ExtensionDelegate.swift */ = {isa = PBXFileReference; lastKnownFileType = sourcecode.swift; path = ExtensionDelegate.swift; sourceTree = "<group>"; };
		0D806A1B1E541CF5007219F2 /* NotificationController.swift */ = {isa = PBXFileReference; lastKnownFileType = sourcecode.swift; path = NotificationController.swift; sourceTree = "<group>"; };
		0D806A1D1E541CF5007219F2 /* ComplicationController.swift */ = {isa = PBXFileReference; lastKnownFileType = sourcecode.swift; path = ComplicationController.swift; sourceTree = "<group>"; };
		0D806A1F1E541CF5007219F2 /* Assets.xcassets */ = {isa = PBXFileReference; lastKnownFileType = folder.assetcatalog; path = Assets.xcassets; sourceTree = "<group>"; };
		0D806A211E541CF5007219F2 /* Info.plist */ = {isa = PBXFileReference; lastKnownFileType = text.plist.xml; path = Info.plist; sourceTree = "<group>"; };
		0D806A2D1E550ACD007219F2 /* TopicDemosWatchApp Extension.entitlements */ = {isa = PBXFileReference; lastKnownFileType = text.plist.entitlements; path = "TopicDemosWatchApp Extension.entitlements"; sourceTree = "<group>"; };
		0D806A2E1E550B31007219F2 /* TopicDemos.entitlements */ = {isa = PBXFileReference; lastKnownFileType = text.plist.entitlements; path = TopicDemos.entitlements; sourceTree = "<group>"; };
		0D806A2F1E550B62007219F2 /* TopicDemosWatchApp.entitlements */ = {isa = PBXFileReference; lastKnownFileType = text.plist.entitlements; path = TopicDemosWatchApp.entitlements; sourceTree = "<group>"; };
		0D806A301E551F08007219F2 /* FirstPageInterfaceController.swift */ = {isa = PBXFileReference; fileEncoding = 4; lastKnownFileType = sourcecode.swift; path = FirstPageInterfaceController.swift; sourceTree = "<group>"; };
		0D9EC65F1E57A037006542C5 /* Settings-Watch.bundle */ = {isa = PBXFileReference; lastKnownFileType = "wrapper.plug-in"; path = "Settings-Watch.bundle"; sourceTree = "<group>"; };
		0DA305471E4B98980040CA45 /* TopicDemos.app */ = {isa = PBXFileReference; explicitFileType = wrapper.application; includeInIndex = 0; path = TopicDemos.app; sourceTree = BUILT_PRODUCTS_DIR; };
		0DA3054A1E4B98980040CA45 /* AppDelegate.swift */ = {isa = PBXFileReference; lastKnownFileType = sourcecode.swift; path = AppDelegate.swift; sourceTree = "<group>"; };
		0DA3054F1E4B98980040CA45 /* Base */ = {isa = PBXFileReference; lastKnownFileType = file.storyboard; name = Base; path = Base.lproj/Main.storyboard; sourceTree = "<group>"; };
		0DA305511E4B98980040CA45 /* Assets.xcassets */ = {isa = PBXFileReference; lastKnownFileType = folder.assetcatalog; path = Assets.xcassets; sourceTree = "<group>"; };
		0DA305541E4B98980040CA45 /* Base */ = {isa = PBXFileReference; lastKnownFileType = file.storyboard; name = Base; path = Base.lproj/LaunchScreen.storyboard; sourceTree = "<group>"; };
		0DA305561E4B98980040CA45 /* Info.plist */ = {isa = PBXFileReference; lastKnownFileType = text.plist.xml; path = Info.plist; sourceTree = "<group>"; };
		0DA3055B1E4B98980040CA45 /* TopicDemosTests.xctest */ = {isa = PBXFileReference; explicitFileType = wrapper.cfbundle; includeInIndex = 0; path = TopicDemosTests.xctest; sourceTree = BUILT_PRODUCTS_DIR; };
		0DA3055F1E4B98980040CA45 /* TopicDemosTests.swift */ = {isa = PBXFileReference; lastKnownFileType = sourcecode.swift; path = TopicDemosTests.swift; sourceTree = "<group>"; };
		0DA305611E4B98980040CA45 /* Info.plist */ = {isa = PBXFileReference; lastKnownFileType = text.plist.xml; path = Info.plist; sourceTree = "<group>"; };
		0DA305661E4B98980040CA45 /* TopicDemosUITests.xctest */ = {isa = PBXFileReference; explicitFileType = wrapper.cfbundle; includeInIndex = 0; path = TopicDemosUITests.xctest; sourceTree = BUILT_PRODUCTS_DIR; };
		0DA3056A1E4B98980040CA45 /* TopicDemosUITests.swift */ = {isa = PBXFileReference; lastKnownFileType = sourcecode.swift; path = TopicDemosUITests.swift; sourceTree = "<group>"; };
		0DA3056C1E4B98980040CA45 /* Info.plist */ = {isa = PBXFileReference; lastKnownFileType = text.plist.xml; path = Info.plist; sourceTree = "<group>"; };
		0DA305781E4B99660040CA45 /* Media.storyboard */ = {isa = PBXFileReference; fileEncoding = 4; lastKnownFileType = file.storyboard; path = Media.storyboard; sourceTree = "<group>"; };
		0DA3057B1E4B99FE0040CA45 /* PlayVideoViewController.swift */ = {isa = PBXFileReference; fileEncoding = 4; lastKnownFileType = sourcecode.swift; name = PlayVideoViewController.swift; path = Media/PlayVideoViewController.swift; sourceTree = "<group>"; };
		0DA3057E1E4B9B250040CA45 /* MobileCoreServices.framework */ = {isa = PBXFileReference; lastKnownFileType = wrapper.framework; name = MobileCoreServices.framework; path = System/Library/Frameworks/MobileCoreServices.framework; sourceTree = SDKROOT; };
		0DA305801E4B9B2B0040CA45 /* MediaPlayer.framework */ = {isa = PBXFileReference; lastKnownFileType = wrapper.framework; name = MediaPlayer.framework; path = System/Library/Frameworks/MediaPlayer.framework; sourceTree = SDKROOT; };
		0DA305821E4B9B510040CA45 /* CoreMedia.framework */ = {isa = PBXFileReference; lastKnownFileType = wrapper.framework; name = CoreMedia.framework; path = System/Library/Frameworks/CoreMedia.framework; sourceTree = SDKROOT; };
		0DA305BD1E4EBF520040CA45 /* BlueboothViewController.swift */ = {isa = PBXFileReference; fileEncoding = 4; lastKnownFileType = sourcecode.swift; name = BlueboothViewController.swift; path = Bluebooth/BlueboothViewController.swift; sourceTree = "<group>"; };
		0DA305BF1E4EBF5C0040CA45 /* Bluebooth.storyboard */ = {isa = PBXFileReference; fileEncoding = 4; lastKnownFileType = file.storyboard; path = Bluebooth.storyboard; sourceTree = "<group>"; };
		0DA305C11E4EC0010040CA45 /* QuartzCore.framework */ = {isa = PBXFileReference; lastKnownFileType = wrapper.framework; name = QuartzCore.framework; path = System/Library/Frameworks/QuartzCore.framework; sourceTree = SDKROOT; };
		0DA305C31E4EC0060040CA45 /* CoreBluetooth.framework */ = {isa = PBXFileReference; lastKnownFileType = wrapper.framework; name = CoreBluetooth.framework; path = System/Library/Frameworks/CoreBluetooth.framework; sourceTree = SDKROOT; };
		0DA305C61E4FF48D0040CA45 /* TextView.storyboard */ = {isa = PBXFileReference; fileEncoding = 4; lastKnownFileType = file.storyboard; path = TextView.storyboard; sourceTree = "<group>"; };
		0DA305C81E4FF4A20040CA45 /* TextViewController.swift */ = {isa = PBXFileReference; fileEncoding = 4; lastKnownFileType = sourcecode.swift; name = TextViewController.swift; path = Layout/TextViewController.swift; sourceTree = "<group>"; };
/* End PBXFileReference section */

/* Begin PBXFrameworksBuildPhase section */
		0D806A0D1E541CF5007219F2 /* Frameworks */ = {
			isa = PBXFrameworksBuildPhase;
			buildActionMask = 2147483647;
			files = (
			);
			runOnlyForDeploymentPostprocessing = 0;
		};
		0DA305441E4B98980040CA45 /* Frameworks */ = {
			isa = PBXFrameworksBuildPhase;
			buildActionMask = 2147483647;
			files = (
				0DA305C41E4EC0060040CA45 /* CoreBluetooth.framework in Frameworks */,
				0DA305C21E4EC0010040CA45 /* QuartzCore.framework in Frameworks */,
				0DA305831E4B9B510040CA45 /* CoreMedia.framework in Frameworks */,
				0DA305811E4B9B2B0040CA45 /* MediaPlayer.framework in Frameworks */,
				0DA3057F1E4B9B250040CA45 /* MobileCoreServices.framework in Frameworks */,
			);
			runOnlyForDeploymentPostprocessing = 0;
		};
		0DA305581E4B98980040CA45 /* Frameworks */ = {
			isa = PBXFrameworksBuildPhase;
			buildActionMask = 2147483647;
			files = (
			);
			runOnlyForDeploymentPostprocessing = 0;
		};
		0DA305631E4B98980040CA45 /* Frameworks */ = {
			isa = PBXFrameworksBuildPhase;
			buildActionMask = 2147483647;
			files = (
			);
			runOnlyForDeploymentPostprocessing = 0;
		};
/* End PBXFrameworksBuildPhase section */

/* Begin PBXGroup section */
		0D45FECF1E556D1500BF7C9C /* RowControllers */ = {
			isa = PBXGroup;
			children = (
				0D45FECB1E554BF100BF7C9C /* MainRowType.swift */,
				0D45FECD1E5551B300BF7C9C /* InfoRowType.swift */,
				0D45FED01E556D3E00BF7C9C /* ImageRowType.swift */,
			);
			name = RowControllers;
			sourceTree = "<group>";
		};
		0D806A051E541CF5007219F2 /* TopicDemosWatchApp */ = {
			isa = PBXGroup;
			children = (
				0D806A2F1E550B62007219F2 /* TopicDemosWatchApp.entitlements */,
				0D806A061E541CF5007219F2 /* Interface.storyboard */,
				0D806A091E541CF5007219F2 /* Assets.xcassets */,
				0D806A0B1E541CF5007219F2 /* Info.plist */,
			);
			path = TopicDemosWatchApp;
			sourceTree = "<group>";
		};
		0D806A141E541CF5007219F2 /* TopicDemosWatchApp Extension */ = {
			isa = PBXGroup;
			children = (
				0D343F871E557C3900739962 /* SampleVideo_360x240_2mb.mp4 */,
				0D45FED21E55736500BF7C9C /* placeholder.png */,
				0D806A2D1E550ACD007219F2 /* TopicDemosWatchApp Extension.entitlements */,
				0D6F87FE1E55372D007C0413 /* ModalInterfaceController.swift */,
				0D45FEC91E554A5000BF7C9C /* TableInterfaceController.swift */,
				0D806A171E541CF5007219F2 /* InterfaceController.swift */,
				0D806A191E541CF5007219F2 /* ExtensionDelegate.swift */,
				0D806A1B1E541CF5007219F2 /* NotificationController.swift */,
				0D806A1D1E541CF5007219F2 /* ComplicationController.swift */,
				0D806A301E551F08007219F2 /* FirstPageInterfaceController.swift */,
				0D806A1F1E541CF5007219F2 /* Assets.xcassets */,
				0D806A211E541CF5007219F2 /* Info.plist */,
				0D806A151E541CF5007219F2 /* Supporting Files */,
				0D45FECF1E556D1500BF7C9C /* RowControllers */,
			);
			path = "TopicDemosWatchApp Extension";
			sourceTree = "<group>";
		};
		0D806A151E541CF5007219F2 /* Supporting Files */ = {
			isa = PBXGroup;
			children = (
				0D806A161E541CF5007219F2 /* PushNotificationPayload.apns */,
			);
			name = "Supporting Files";
			sourceTree = "<group>";
		};
		0DA3053E1E4B98980040CA45 = {
			isa = PBXGroup;
			children = (
				0D9EC65F1E57A037006542C5 /* Settings-Watch.bundle */,
				0DA305491E4B98980040CA45 /* TopicDemos */,
				0DA3055E1E4B98980040CA45 /* TopicDemosTests */,
				0DA305691E4B98980040CA45 /* TopicDemosUITests */,
				0D806A051E541CF5007219F2 /* TopicDemosWatchApp */,
				0D806A141E541CF5007219F2 /* TopicDemosWatchApp Extension */,
				0DA305481E4B98980040CA45 /* Products */,
				0DA3057D1E4B9B250040CA45 /* Frameworks */,
			);
			sourceTree = "<group>";
		};
		0DA305481E4B98980040CA45 /* Products */ = {
			isa = PBXGroup;
			children = (
				0DA305471E4B98980040CA45 /* TopicDemos.app */,
				0DA3055B1E4B98980040CA45 /* TopicDemosTests.xctest */,
				0DA305661E4B98980040CA45 /* TopicDemosUITests.xctest */,
				0D806A041E541CF5007219F2 /* TopicDemosWatchApp.app */,
				0D806A101E541CF5007219F2 /* TopicDemosWatchApp Extension.appex */,
			);
			name = Products;
			sourceTree = "<group>";
		};
		0DA305491E4B98980040CA45 /* TopicDemos */ = {
			isa = PBXGroup;
			children = (
				0D806A2E1E550B31007219F2 /* TopicDemos.entitlements */,
				0DA305C51E4FF47C0040CA45 /* Layout */,
				0DA305BC1E4EBF300040CA45 /* Bluebooth */,
				0DA3057A1E4B99C80040CA45 /* Media */,
				0DA3054A1E4B98980040CA45 /* AppDelegate.swift */,
				0DA3054E1E4B98980040CA45 /* Main.storyboard */,
				0DA305511E4B98980040CA45 /* Assets.xcassets */,
				0DA305531E4B98980040CA45 /* LaunchScreen.storyboard */,
				0DA305561E4B98980040CA45 /* Info.plist */,
			);
			path = TopicDemos;
			sourceTree = "<group>";
		};
		0DA3055E1E4B98980040CA45 /* TopicDemosTests */ = {
			isa = PBXGroup;
			children = (
				0DA3055F1E4B98980040CA45 /* TopicDemosTests.swift */,
				0DA305611E4B98980040CA45 /* Info.plist */,
			);
			path = TopicDemosTests;
			sourceTree = "<group>";
		};
		0DA305691E4B98980040CA45 /* TopicDemosUITests */ = {
			isa = PBXGroup;
			children = (
				0DA3056A1E4B98980040CA45 /* TopicDemosUITests.swift */,
				0DA3056C1E4B98980040CA45 /* Info.plist */,
			);
			path = TopicDemosUITests;
			sourceTree = "<group>";
		};
		0DA3057A1E4B99C80040CA45 /* Media */ = {
			isa = PBXGroup;
			children = (
				0DA305781E4B99660040CA45 /* Media.storyboard */,
				0DA3057B1E4B99FE0040CA45 /* PlayVideoViewController.swift */,
			);
			name = Media;
			sourceTree = "<group>";
		};
		0DA3057D1E4B9B250040CA45 /* Frameworks */ = {
			isa = PBXGroup;
			children = (
				0DA305C31E4EC0060040CA45 /* CoreBluetooth.framework */,
				0DA305C11E4EC0010040CA45 /* QuartzCore.framework */,
				0DA305821E4B9B510040CA45 /* CoreMedia.framework */,
				0DA305801E4B9B2B0040CA45 /* MediaPlayer.framework */,
				0DA3057E1E4B9B250040CA45 /* MobileCoreServices.framework */,
			);
			name = Frameworks;
			sourceTree = "<group>";
		};
		0DA305BC1E4EBF300040CA45 /* Bluebooth */ = {
			isa = PBXGroup;
			children = (
				0DA305BD1E4EBF520040CA45 /* BlueboothViewController.swift */,
				0DA305BF1E4EBF5C0040CA45 /* Bluebooth.storyboard */,
			);
			name = Bluebooth;
			sourceTree = "<group>";
		};
		0DA305C51E4FF47C0040CA45 /* Layout */ = {
			isa = PBXGroup;
			children = (
				0DA305C61E4FF48D0040CA45 /* TextView.storyboard */,
				0DA305C81E4FF4A20040CA45 /* TextViewController.swift */,
			);
			name = Layout;
			sourceTree = "<group>";
		};
/* End PBXGroup section */

/* Begin PBXNativeTarget section */
		0D806A031E541CF5007219F2 /* TopicDemosWatchApp */ = {
			isa = PBXNativeTarget;
			buildConfigurationList = 0D806A2B1E541CF5007219F2 /* Build configuration list for PBXNativeTarget "TopicDemosWatchApp" */;
			buildPhases = (
				0D806A021E541CF5007219F2 /* Resources */,
				0D806A2A1E541CF5007219F2 /* Embed App Extensions */,
			);
			buildRules = (
			);
			dependencies = (
				0D806A131E541CF5007219F2 /* PBXTargetDependency */,
			);
			name = TopicDemosWatchApp;
			productName = TopicDemosWatchApp;
			productReference = 0D806A041E541CF5007219F2 /* TopicDemosWatchApp.app */;
			productType = "com.apple.product-type.application.watchapp2";
		};
		0D806A0F1E541CF5007219F2 /* TopicDemosWatchApp Extension */ = {
			isa = PBXNativeTarget;
			buildConfigurationList = 0D806A291E541CF5007219F2 /* Build configuration list for PBXNativeTarget "TopicDemosWatchApp Extension" */;
			buildPhases = (
				0D806A0C1E541CF5007219F2 /* Sources */,
				0D806A0D1E541CF5007219F2 /* Frameworks */,
				0D806A0E1E541CF5007219F2 /* Resources */,
			);
			buildRules = (
			);
			dependencies = (
			);
			name = "TopicDemosWatchApp Extension";
			productName = "TopicDemosWatchApp Extension";
			productReference = 0D806A101E541CF5007219F2 /* TopicDemosWatchApp Extension.appex */;
			productType = "com.apple.product-type.watchkit2-extension";
		};
		0DA305461E4B98980040CA45 /* TopicDemos */ = {
			isa = PBXNativeTarget;
			buildConfigurationList = 0DA3056F1E4B98980040CA45 /* Build configuration list for PBXNativeTarget "TopicDemos" */;
			buildPhases = (
				0DA305431E4B98980040CA45 /* Sources */,
				0DA305441E4B98980040CA45 /* Frameworks */,
				0DA305451E4B98980040CA45 /* Resources */,
				0D806A2C1E541CF5007219F2 /* Embed Watch Content */,
			);
			buildRules = (
			);
			dependencies = (
				0D806A231E541CF5007219F2 /* PBXTargetDependency */,
			);
			name = TopicDemos;
			productName = TopicDemos;
			productReference = 0DA305471E4B98980040CA45 /* TopicDemos.app */;
			productType = "com.apple.product-type.application";
		};
		0DA3055A1E4B98980040CA45 /* TopicDemosTests */ = {
			isa = PBXNativeTarget;
			buildConfigurationList = 0DA305721E4B98980040CA45 /* Build configuration list for PBXNativeTarget "TopicDemosTests" */;
			buildPhases = (
				0DA305571E4B98980040CA45 /* Sources */,
				0DA305581E4B98980040CA45 /* Frameworks */,
				0DA305591E4B98980040CA45 /* Resources */,
			);
			buildRules = (
			);
			dependencies = (
				0DA3055D1E4B98980040CA45 /* PBXTargetDependency */,
			);
			name = TopicDemosTests;
			productName = TopicDemosTests;
			productReference = 0DA3055B1E4B98980040CA45 /* TopicDemosTests.xctest */;
			productType = "com.apple.product-type.bundle.unit-test";
		};
		0DA305651E4B98980040CA45 /* TopicDemosUITests */ = {
			isa = PBXNativeTarget;
			buildConfigurationList = 0DA305751E4B98980040CA45 /* Build configuration list for PBXNativeTarget "TopicDemosUITests" */;
			buildPhases = (
				0DA305621E4B98980040CA45 /* Sources */,
				0DA305631E4B98980040CA45 /* Frameworks */,
				0DA305641E4B98980040CA45 /* Resources */,
			);
			buildRules = (
			);
			dependencies = (
				0DA305681E4B98980040CA45 /* PBXTargetDependency */,
			);
			name = TopicDemosUITests;
			productName = TopicDemosUITests;
			productReference = 0DA305661E4B98980040CA45 /* TopicDemosUITests.xctest */;
			productType = "com.apple.product-type.bundle.ui-testing";
		};
/* End PBXNativeTarget section */

/* Begin PBXProject section */
		0DA3053F1E4B98980040CA45 /* Project object */ = {
			isa = PBXProject;
			attributes = {
				LastSwiftUpdateCheck = 0820;
				LastUpgradeCheck = 0820;
				ORGANIZATIONNAME = "Sida Wang";
				TargetAttributes = {
					0D806A031E541CF5007219F2 = {
						CreatedOnToolsVersion = 8.2.1;
						DevelopmentTeam = 9MKJC68VMT;
						ProvisioningStyle = Automatic;
						SystemCapabilities = {
							com.apple.ApplicationGroups.iOS = {
								enabled = 1;
							};
						};
					};
					0D806A0F1E541CF5007219F2 = {
						CreatedOnToolsVersion = 8.2.1;
						DevelopmentTeam = 9MKJC68VMT;
						ProvisioningStyle = Automatic;
						SystemCapabilities = {
							com.apple.ApplicationGroups.iOS = {
								enabled = 1;
							};
						};
					};
					0DA305461E4B98980040CA45 = {
						CreatedOnToolsVersion = 8.2.1;
						DevelopmentTeam = 9MKJC68VMT;
						ProvisioningStyle = Automatic;
						SystemCapabilities = {
							com.apple.ApplicationGroups.iOS = {
								enabled = 1;
							};
						};
					};
					0DA3055A1E4B98980040CA45 = {
						CreatedOnToolsVersion = 8.2.1;
						DevelopmentTeam = 9MKJC68VMT;
						ProvisioningStyle = Automatic;
						TestTargetID = 0DA305461E4B98980040CA45;
					};
					0DA305651E4B98980040CA45 = {
						CreatedOnToolsVersion = 8.2.1;
						DevelopmentTeam = 9MKJC68VMT;
						ProvisioningStyle = Automatic;
						TestTargetID = 0DA305461E4B98980040CA45;
					};
				};
			};
			buildConfigurationList = 0DA305421E4B98980040CA45 /* Build configuration list for PBXProject "TopicDemos" */;
			compatibilityVersion = "Xcode 3.2";
			developmentRegion = English;
			hasScannedForEncodings = 0;
			knownRegions = (
				en,
				Base,
			);
			mainGroup = 0DA3053E1E4B98980040CA45;
			productRefGroup = 0DA305481E4B98980040CA45 /* Products */;
			projectDirPath = "";
			projectRoot = "";
			targets = (
				0DA305461E4B98980040CA45 /* TopicDemos */,
				0DA3055A1E4B98980040CA45 /* TopicDemosTests */,
				0DA305651E4B98980040CA45 /* TopicDemosUITests */,
				0D806A031E541CF5007219F2 /* TopicDemosWatchApp */,
				0D806A0F1E541CF5007219F2 /* TopicDemosWatchApp Extension */,
			);
		};
/* End PBXProject section */

/* Begin PBXResourcesBuildPhase section */
		0D806A021E541CF5007219F2 /* Resources */ = {
			isa = PBXResourcesBuildPhase;
			buildActionMask = 2147483647;
			files = (
				0D806A0A1E541CF5007219F2 /* Assets.xcassets in Resources */,
				0D806A081E541CF5007219F2 /* Interface.storyboard in Resources */,
			);
			runOnlyForDeploymentPostprocessing = 0;
		};
		0D806A0E1E541CF5007219F2 /* Resources */ = {
			isa = PBXResourcesBuildPhase;
			buildActionMask = 2147483647;
			files = (
				0D806A201E541CF5007219F2 /* Assets.xcassets in Resources */,
				0D45FED31E55736500BF7C9C /* placeholder.png in Resources */,
				0D343F881E557C3900739962 /* SampleVideo_360x240_2mb.mp4 in Resources */,
			);
			runOnlyForDeploymentPostprocessing = 0;
		};
		0DA305451E4B98980040CA45 /* Resources */ = {
			isa = PBXResourcesBuildPhase;
			buildActionMask = 2147483647;
			files = (
				0DA305551E4B98980040CA45 /* LaunchScreen.storyboard in Resources */,
				0D9EC6601E57A037006542C5 /* Settings-Watch.bundle in Resources */,
				0DA305521E4B98980040CA45 /* Assets.xcassets in Resources */,
				0DA305C71E4FF48D0040CA45 /* TextView.storyboard in Resources */,
				0DA305501E4B98980040CA45 /* Main.storyboard in Resources */,
				0DA305C01E4EBF5C0040CA45 /* Bluebooth.storyboard in Resources */,
				0DA305791E4B99660040CA45 /* Media.storyboard in Resources */,
			);
			runOnlyForDeploymentPostprocessing = 0;
		};
		0DA305591E4B98980040CA45 /* Resources */ = {
			isa = PBXResourcesBuildPhase;
			buildActionMask = 2147483647;
			files = (
			);
			runOnlyForDeploymentPostprocessing = 0;
		};
		0DA305641E4B98980040CA45 /* Resources */ = {
			isa = PBXResourcesBuildPhase;
			buildActionMask = 2147483647;
			files = (
			);
			runOnlyForDeploymentPostprocessing = 0;
		};
/* End PBXResourcesBuildPhase section */

/* Begin PBXSourcesBuildPhase section */
		0D806A0C1E541CF5007219F2 /* Sources */ = {
			isa = PBXSourcesBuildPhase;
			buildActionMask = 2147483647;
			files = (
				0D806A311E551F08007219F2 /* FirstPageInterfaceController.swift in Sources */,
				0D806A1C1E541CF5007219F2 /* NotificationController.swift in Sources */,
				0D45FECA1E554A5000BF7C9C /* TableInterfaceController.swift in Sources */,
				0D45FECE1E5551B300BF7C9C /* InfoRowType.swift in Sources */,
				0D45FED11E556D3E00BF7C9C /* ImageRowType.swift in Sources */,
				0D45FECC1E554BF100BF7C9C /* MainRowType.swift in Sources */,
				0D806A1E1E541CF5007219F2 /* ComplicationController.swift in Sources */,
				0D806A1A1E541CF5007219F2 /* ExtensionDelegate.swift in Sources */,
				0D806A181E541CF5007219F2 /* InterfaceController.swift in Sources */,
				0D6F87FF1E55372D007C0413 /* ModalInterfaceController.swift in Sources */,
			);
			runOnlyForDeploymentPostprocessing = 0;
		};
		0DA305431E4B98980040CA45 /* Sources */ = {
			isa = PBXSourcesBuildPhase;
			buildActionMask = 2147483647;
			files = (
				0DA305BE1E4EBF520040CA45 /* BlueboothViewController.swift in Sources */,
				0DA3057C1E4B99FE0040CA45 /* PlayVideoViewController.swift in Sources */,
				0DA3054B1E4B98980040CA45 /* AppDelegate.swift in Sources */,
				0DA305C91E4FF4A20040CA45 /* TextViewController.swift in Sources */,
			);
			runOnlyForDeploymentPostprocessing = 0;
		};
		0DA305571E4B98980040CA45 /* Sources */ = {
			isa = PBXSourcesBuildPhase;
			buildActionMask = 2147483647;
			files = (
				0DA305601E4B98980040CA45 /* TopicDemosTests.swift in Sources */,
			);
			runOnlyForDeploymentPostprocessing = 0;
		};
		0DA305621E4B98980040CA45 /* Sources */ = {
			isa = PBXSourcesBuildPhase;
			buildActionMask = 2147483647;
			files = (
				0DA3056B1E4B98980040CA45 /* TopicDemosUITests.swift in Sources */,
			);
			runOnlyForDeploymentPostprocessing = 0;
		};
/* End PBXSourcesBuildPhase section */

/* Begin PBXTargetDependency section */
		0D806A131E541CF5007219F2 /* PBXTargetDependency */ = {
			isa = PBXTargetDependency;
			target = 0D806A0F1E541CF5007219F2 /* TopicDemosWatchApp Extension */;
			targetProxy = 0D806A121E541CF5007219F2 /* PBXContainerItemProxy */;
		};
		0D806A231E541CF5007219F2 /* PBXTargetDependency */ = {
			isa = PBXTargetDependency;
			target = 0D806A031E541CF5007219F2 /* TopicDemosWatchApp */;
			targetProxy = 0D806A221E541CF5007219F2 /* PBXContainerItemProxy */;
		};
		0DA3055D1E4B98980040CA45 /* PBXTargetDependency */ = {
			isa = PBXTargetDependency;
			target = 0DA305461E4B98980040CA45 /* TopicDemos */;
			targetProxy = 0DA3055C1E4B98980040CA45 /* PBXContainerItemProxy */;
		};
		0DA305681E4B98980040CA45 /* PBXTargetDependency */ = {
			isa = PBXTargetDependency;
			target = 0DA305461E4B98980040CA45 /* TopicDemos */;
			targetProxy = 0DA305671E4B98980040CA45 /* PBXContainerItemProxy */;
		};
/* End PBXTargetDependency section */

/* Begin PBXVariantGroup section */
		0D806A061E541CF5007219F2 /* Interface.storyboard */ = {
			isa = PBXVariantGroup;
			children = (
				0D806A071E541CF5007219F2 /* Base */,
			);
			name = Interface.storyboard;
			sourceTree = "<group>";
		};
		0DA3054E1E4B98980040CA45 /* Main.storyboard */ = {
			isa = PBXVariantGroup;
			children = (
				0DA3054F1E4B98980040CA45 /* Base */,
			);
			name = Main.storyboard;
			sourceTree = "<group>";
		};
		0DA305531E4B98980040CA45 /* LaunchScreen.storyboard */ = {
			isa = PBXVariantGroup;
			children = (
				0DA305541E4B98980040CA45 /* Base */,
			);
			name = LaunchScreen.storyboard;
			sourceTree = "<group>";
		};
/* End PBXVariantGroup section */

/* Begin XCBuildConfiguration section */
		0D806A251E541CF5007219F2 /* Debug */ = {
			isa = XCBuildConfiguration;
			buildSettings = {
				ALWAYS_EMBED_SWIFT_STANDARD_LIBRARIES = YES;
				ASSETCATALOG_COMPILER_APPICON_NAME = AppIcon;
				CODE_SIGN_ENTITLEMENTS = TopicDemosWatchApp/TopicDemosWatchApp.entitlements;
				DEVELOPMENT_TEAM = 9MKJC68VMT;
				IBSC_MODULE = TopicDemosWatchApp_Extension;
				INFOPLIST_FILE = TopicDemosWatchApp/Info.plist;
				PRODUCT_BUNDLE_IDENTIFIER = com.maxsida.TopicDemos.watchkitapp;
				PRODUCT_NAME = "$(TARGET_NAME)";
				SDKROOT = watchos;
				SKIP_INSTALL = YES;
				SWIFT_VERSION = 3.0;
				TARGETED_DEVICE_FAMILY = 4;
				WATCHOS_DEPLOYMENT_TARGET = 3.1;
			};
			name = Debug;
		};
		0D806A261E541CF5007219F2 /* Release */ = {
			isa = XCBuildConfiguration;
			buildSettings = {
				ALWAYS_EMBED_SWIFT_STANDARD_LIBRARIES = YES;
				ASSETCATALOG_COMPILER_APPICON_NAME = AppIcon;
				CODE_SIGN_ENTITLEMENTS = TopicDemosWatchApp/TopicDemosWatchApp.entitlements;
				DEVELOPMENT_TEAM = 9MKJC68VMT;
				IBSC_MODULE = TopicDemosWatchApp_Extension;
				INFOPLIST_FILE = TopicDemosWatchApp/Info.plist;
				PRODUCT_BUNDLE_IDENTIFIER = com.maxsida.TopicDemos.watchkitapp;
				PRODUCT_NAME = "$(TARGET_NAME)";
				SDKROOT = watchos;
				SKIP_INSTALL = YES;
				SWIFT_VERSION = 3.0;
				TARGETED_DEVICE_FAMILY = 4;
				WATCHOS_DEPLOYMENT_TARGET = 3.1;
			};
			name = Release;
		};
		0D806A271E541CF5007219F2 /* Debug */ = {
			isa = XCBuildConfiguration;
			buildSettings = {
				ASSETCATALOG_COMPILER_COMPLICATION_NAME = Complication;
				CODE_SIGN_ENTITLEMENTS = "TopicDemosWatchApp Extension/TopicDemosWatchApp Extension.entitlements";
				DEVELOPMENT_TEAM = 9MKJC68VMT;
				INFOPLIST_FILE = "TopicDemosWatchApp Extension/Info.plist";
				LD_RUNPATH_SEARCH_PATHS = "$(inherited) @executable_path/Frameworks @executable_path/../../Frameworks";
				PRODUCT_BUNDLE_IDENTIFIER = com.maxsida.TopicDemos.watchkitapp.watchkitextension;
				PRODUCT_NAME = "${TARGET_NAME}";
				SDKROOT = watchos;
				SKIP_INSTALL = YES;
				SWIFT_VERSION = 3.0;
				TARGETED_DEVICE_FAMILY = 4;
				WATCHOS_DEPLOYMENT_TARGET = 3.1;
			};
			name = Debug;
		};
		0D806A281E541CF5007219F2 /* Release */ = {
			isa = XCBuildConfiguration;
			buildSettings = {
				ASSETCATALOG_COMPILER_COMPLICATION_NAME = Complication;
				CODE_SIGN_ENTITLEMENTS = "TopicDemosWatchApp Extension/TopicDemosWatchApp Extension.entitlements";
				DEVELOPMENT_TEAM = 9MKJC68VMT;
				INFOPLIST_FILE = "TopicDemosWatchApp Extension/Info.plist";
				LD_RUNPATH_SEARCH_PATHS = "$(inherited) @executable_path/Frameworks @executable_path/../../Frameworks";
				PRODUCT_BUNDLE_IDENTIFIER = com.maxsida.TopicDemos.watchkitapp.watchkitextension;
				PRODUCT_NAME = "${TARGET_NAME}";
				SDKROOT = watchos;
				SKIP_INSTALL = YES;
				SWIFT_VERSION = 3.0;
				TARGETED_DEVICE_FAMILY = 4;
				WATCHOS_DEPLOYMENT_TARGET = 3.1;
			};
			name = Release;
		};
		0DA3056D1E4B98980040CA45 /* Debug */ = {
			isa = XCBuildConfiguration;
			buildSettings = {
				ALWAYS_SEARCH_USER_PATHS = NO;
				CLANG_ANALYZER_NONNULL = YES;
				CLANG_CXX_LANGUAGE_STANDARD = "gnu++0x";
				CLANG_CXX_LIBRARY = "libc++";
				CLANG_ENABLE_MODULES = YES;
				CLANG_ENABLE_OBJC_ARC = YES;
				CLANG_WARN_BOOL_CONVERSION = YES;
				CLANG_WARN_CONSTANT_CONVERSION = YES;
				CLANG_WARN_DIRECT_OBJC_ISA_USAGE = YES_ERROR;
				CLANG_WARN_DOCUMENTATION_COMMENTS = YES;
				CLANG_WARN_EMPTY_BODY = YES;
				CLANG_WARN_ENUM_CONVERSION = YES;
				CLANG_WARN_INFINITE_RECURSION = YES;
				CLANG_WARN_INT_CONVERSION = YES;
				CLANG_WARN_OBJC_ROOT_CLASS = YES_ERROR;
				CLANG_WARN_SUSPICIOUS_MOVE = YES;
				CLANG_WARN_UNREACHABLE_CODE = YES;
				CLANG_WARN__DUPLICATE_METHOD_MATCH = YES;
				"CODE_SIGN_IDENTITY[sdk=iphoneos*]" = "iPhone Developer";
				COPY_PHASE_STRIP = NO;
				DEBUG_INFORMATION_FORMAT = dwarf;
				ENABLE_STRICT_OBJC_MSGSEND = YES;
				ENABLE_TESTABILITY = YES;
				GCC_C_LANGUAGE_STANDARD = gnu99;
				GCC_DYNAMIC_NO_PIC = NO;
				GCC_NO_COMMON_BLOCKS = YES;
				GCC_OPTIMIZATION_LEVEL = 0;
				GCC_PREPROCESSOR_DEFINITIONS = (
					"DEBUG=1",
					"$(inherited)",
				);
				GCC_WARN_64_TO_32_BIT_CONVERSION = YES;
				GCC_WARN_ABOUT_RETURN_TYPE = YES_ERROR;
				GCC_WARN_UNDECLARED_SELECTOR = YES;
				GCC_WARN_UNINITIALIZED_AUTOS = YES_AGGRESSIVE;
				GCC_WARN_UNUSED_FUNCTION = YES;
				GCC_WARN_UNUSED_VARIABLE = YES;
				IPHONEOS_DEPLOYMENT_TARGET = 10.2;
				MTL_ENABLE_DEBUG_INFO = YES;
				ONLY_ACTIVE_ARCH = YES;
				SDKROOT = iphoneos;
				SWIFT_ACTIVE_COMPILATION_CONDITIONS = DEBUG;
				SWIFT_OPTIMIZATION_LEVEL = "-Onone";
				TARGETED_DEVICE_FAMILY = "1,2";
			};
			name = Debug;
		};
		0DA3056E1E4B98980040CA45 /* Release */ = {
			isa = XCBuildConfiguration;
			buildSettings = {
				ALWAYS_SEARCH_USER_PATHS = NO;
				CLANG_ANALYZER_NONNULL = YES;
				CLANG_CXX_LANGUAGE_STANDARD = "gnu++0x";
				CLANG_CXX_LIBRARY = "libc++";
				CLANG_ENABLE_MODULES = YES;
				CLANG_ENABLE_OBJC_ARC = YES;
				CLANG_WARN_BOOL_CONVERSION = YES;
				CLANG_WARN_CONSTANT_CONVERSION = YES;
				CLANG_WARN_DIRECT_OBJC_ISA_USAGE = YES_ERROR;
				CLANG_WARN_DOCUMENTATION_COMMENTS = YES;
				CLANG_WARN_EMPTY_BODY = YES;
				CLANG_WARN_ENUM_CONVERSION = YES;
				CLANG_WARN_INFINITE_RECURSION = YES;
				CLANG_WARN_INT_CONVERSION = YES;
				CLANG_WARN_OBJC_ROOT_CLASS = YES_ERROR;
				CLANG_WARN_SUSPICIOUS_MOVE = YES;
				CLANG_WARN_UNREACHABLE_CODE = YES;
				CLANG_WARN__DUPLICATE_METHOD_MATCH = YES;
				"CODE_SIGN_IDENTITY[sdk=iphoneos*]" = "iPhone Developer";
				COPY_PHASE_STRIP = NO;
				DEBUG_INFORMATION_FORMAT = "dwarf-with-dsym";
				ENABLE_NS_ASSERTIONS = NO;
				ENABLE_STRICT_OBJC_MSGSEND = YES;
				GCC_C_LANGUAGE_STANDARD = gnu99;
				GCC_NO_COMMON_BLOCKS = YES;
				GCC_WARN_64_TO_32_BIT_CONVERSION = YES;
				GCC_WARN_ABOUT_RETURN_TYPE = YES_ERROR;
				GCC_WARN_UNDECLARED_SELECTOR = YES;
				GCC_WARN_UNINITIALIZED_AUTOS = YES_AGGRESSIVE;
				GCC_WARN_UNUSED_FUNCTION = YES;
				GCC_WARN_UNUSED_VARIABLE = YES;
				IPHONEOS_DEPLOYMENT_TARGET = 10.2;
				MTL_ENABLE_DEBUG_INFO = NO;
				SDKROOT = iphoneos;
				SWIFT_OPTIMIZATION_LEVEL = "-Owholemodule";
				TARGETED_DEVICE_FAMILY = "1,2";
				VALIDATE_PRODUCT = YES;
			};
			name = Release;
		};
		0DA305701E4B98980040CA45 /* Debug */ = {
			isa = XCBuildConfiguration;
			buildSettings = {
				ASSETCATALOG_COMPILER_APPICON_NAME = AppIcon;
				CODE_SIGN_ENTITLEMENTS = TopicDemos/TopicDemos.entitlements;
				DEVELOPMENT_TEAM = 9MKJC68VMT;
				INFOPLIST_FILE = TopicDemos/Info.plist;
				LD_RUNPATH_SEARCH_PATHS = "$(inherited) @executable_path/Frameworks";
				PRODUCT_BUNDLE_IDENTIFIER = com.maxsida.TopicDemos;
				PRODUCT_NAME = "$(TARGET_NAME)";
				SWIFT_VERSION = 3.0;
			};
			name = Debug;
		};
		0DA305711E4B98980040CA45 /* Release */ = {
			isa = XCBuildConfiguration;
			buildSettings = {
				ASSETCATALOG_COMPILER_APPICON_NAME = AppIcon;
				CODE_SIGN_ENTITLEMENTS = TopicDemos/TopicDemos.entitlements;
				DEVELOPMENT_TEAM = 9MKJC68VMT;
				INFOPLIST_FILE = TopicDemos/Info.plist;
				LD_RUNPATH_SEARCH_PATHS = "$(inherited) @executable_path/Frameworks";
				PRODUCT_BUNDLE_IDENTIFIER = com.maxsida.TopicDemos;
				PRODUCT_NAME = "$(TARGET_NAME)";
				SWIFT_VERSION = 3.0;
			};
			name = Release;
		};
		0DA305731E4B98980040CA45 /* Debug */ = {
			isa = XCBuildConfiguration;
			buildSettings = {
				ALWAYS_EMBED_SWIFT_STANDARD_LIBRARIES = YES;
				BUNDLE_LOADER = "$(TEST_HOST)";
				DEVELOPMENT_TEAM = 9MKJC68VMT;
				INFOPLIST_FILE = TopicDemosTests/Info.plist;
				LD_RUNPATH_SEARCH_PATHS = "$(inherited) @executable_path/Frameworks @loader_path/Frameworks";
				PRODUCT_BUNDLE_IDENTIFIER = com.maxsida.TopicDemosTests;
				PRODUCT_NAME = "$(TARGET_NAME)";
				SWIFT_VERSION = 3.0;
				TEST_HOST = "$(BUILT_PRODUCTS_DIR)/TopicDemos.app/TopicDemos";
			};
			name = Debug;
		};
		0DA305741E4B98980040CA45 /* Release */ = {
			isa = XCBuildConfiguration;
			buildSettings = {
				ALWAYS_EMBED_SWIFT_STANDARD_LIBRARIES = YES;
				BUNDLE_LOADER = "$(TEST_HOST)";
				DEVELOPMENT_TEAM = 9MKJC68VMT;
				INFOPLIST_FILE = TopicDemosTests/Info.plist;
				LD_RUNPATH_SEARCH_PATHS = "$(inherited) @executable_path/Frameworks @loader_path/Frameworks";
				PRODUCT_BUNDLE_IDENTIFIER = com.maxsida.TopicDemosTests;
				PRODUCT_NAME = "$(TARGET_NAME)";
				SWIFT_VERSION = 3.0;
				TEST_HOST = "$(BUILT_PRODUCTS_DIR)/TopicDemos.app/TopicDemos";
			};
			name = Release;
		};
		0DA305761E4B98980040CA45 /* Debug */ = {
			isa = XCBuildConfiguration;
			buildSettings = {
				ALWAYS_EMBED_SWIFT_STANDARD_LIBRARIES = YES;
				DEVELOPMENT_TEAM = 9MKJC68VMT;
				INFOPLIST_FILE = TopicDemosUITests/Info.plist;
				LD_RUNPATH_SEARCH_PATHS = "$(inherited) @executable_path/Frameworks @loader_path/Frameworks";
				PRODUCT_BUNDLE_IDENTIFIER = com.maxsida.TopicDemosUITests;
				PRODUCT_NAME = "$(TARGET_NAME)";
				SWIFT_VERSION = 3.0;
				TEST_TARGET_NAME = TopicDemos;
			};
			name = Debug;
		};
		0DA305771E4B98980040CA45 /* Release */ = {
			isa = XCBuildConfiguration;
			buildSettings = {
				ALWAYS_EMBED_SWIFT_STANDARD_LIBRARIES = YES;
				DEVELOPMENT_TEAM = 9MKJC68VMT;
				INFOPLIST_FILE = TopicDemosUITests/Info.plist;
				LD_RUNPATH_SEARCH_PATHS = "$(inherited) @executable_path/Frameworks @loader_path/Frameworks";
				PRODUCT_BUNDLE_IDENTIFIER = com.maxsida.TopicDemosUITests;
				PRODUCT_NAME = "$(TARGET_NAME)";
				SWIFT_VERSION = 3.0;
				TEST_TARGET_NAME = TopicDemos;
			};
			name = Release;
		};
/* End XCBuildConfiguration section */

/* Begin XCConfigurationList section */
		0D806A291E541CF5007219F2 /* Build configuration list for PBXNativeTarget "TopicDemosWatchApp Extension" */ = {
			isa = XCConfigurationList;
			buildConfigurations = (
				0D806A271E541CF5007219F2 /* Debug */,
				0D806A281E541CF5007219F2 /* Release */,
			);
			defaultConfigurationIsVisible = 0;
			defaultConfigurationName = Release;
		};
		0D806A2B1E541CF5007219F2 /* Build configuration list for PBXNativeTarget "TopicDemosWatchApp" */ = {
			isa = XCConfigurationList;
			buildConfigurations = (
				0D806A251E541CF5007219F2 /* Debug */,
				0D806A261E541CF5007219F2 /* Release */,
			);
			defaultConfigurationIsVisible = 0;
			defaultConfigurationName = Release;
		};
		0DA305421E4B98980040CA45 /* Build configuration list for PBXProject "TopicDemos" */ = {
			isa = XCConfigurationList;
			buildConfigurations = (
				0DA3056D1E4B98980040CA45 /* Debug */,
				0DA3056E1E4B98980040CA45 /* Release */,
			);
			defaultConfigurationIsVisible = 0;
			defaultConfigurationName = Release;
		};
		0DA3056F1E4B98980040CA45 /* Build configuration list for PBXNativeTarget "TopicDemos" */ = {
			isa = XCConfigurationList;
			buildConfigurations = (
				0DA305701E4B98980040CA45 /* Debug */,
				0DA305711E4B98980040CA45 /* Release */,
			);
			defaultConfigurationIsVisible = 0;
			defaultConfigurationName = Release;
		};
		0DA305721E4B98980040CA45 /* Build configuration list for PBXNativeTarget "TopicDemosTests" */ = {
			isa = XCConfigurationList;
			buildConfigurations = (
				0DA305731E4B98980040CA45 /* Debug */,
				0DA305741E4B98980040CA45 /* Release */,
			);
			defaultConfigurationIsVisible = 0;
			defaultConfigurationName = Release;
		};
		0DA305751E4B98980040CA45 /* Build configuration list for PBXNativeTarget "TopicDemosUITests" */ = {
			isa = XCConfigurationList;
			buildConfigurations = (
				0DA305761E4B98980040CA45 /* Debug */,
				0DA305771E4B98980040CA45 /* Release */,
			);
			defaultConfigurationIsVisible = 0;
			defaultConfigurationName = Release;
		};
/* End XCConfigurationList section */
	};
	rootObject = 0DA3053F1E4B98980040CA45 /* Project object */;
}
